
Microsoft Visual Studio Solution File, Format Version 12.00
# Visual Studio Version 17
VisualStudioVersion = 17.5.002.0
MinimumVisualStudioVersion = 10.0.40219.1
Project("{2150E333-8FDC-42A3-9474-1A3956D46DE8}") = "Day 1", "Day 1", "{6D0B3AA0-AD90-450C-80A8-8DBF8CE9AE73}"
EndProject
Project("{9A19103F-16F7-4668-BE54-9A1E7A4F7556}") = "helloWorld", "Day 1\helloWorld\helloWorld.csproj", "{5D380378-0690-4ECA-92BD-C42F653DBFC5}"
EndProject
Global
	GlobalSection(SolutionConfigurationPlatforms) = preSolution
		Debug|Any CPU = Debug|Any CPU
		Release|Any CPU = Release|Any CPU
	EndGlobalSection
	GlobalSection(ProjectConfigurationPlatforms) = postSolution
		{5D380378-0690-4ECA-92BD-C42F653DBFC5}.Debug|Any CPU.ActiveCfg = Debug|Any CPU
		{5D380378-0690-4ECA-92BD-C42F653DBFC5}.Debug|Any CPU.Build.0 = Debug|Any CPU
		{5D380378-0690-4ECA-92BD-C42F653DBFC5}.Release|Any CPU.ActiveCfg = Release|Any CPU
		{5D380378-0690-4ECA-92BD-C42F653DBFC5}.Release|Any CPU.Build.0 = Release|Any CPU
	EndGlobalSection
	GlobalSection(SolutionProperties) = preSolution
		HideSolutionNode = FALSE
	EndGlobalSection
	GlobalSection(NestedProjects) = preSolution
		{5D380378-0690-4ECA-92BD-C42F653DBFC5} = {6D0B3AA0-AD90-450C-80A8-8DBF8CE9AE73}
	EndGlobalSection
	GlobalSection(ExtensibilityGlobals) = postSolution
		SolutionGuid = {F5EDED1C-07BE-418D-9EB3-30D7BAC45DE5}
	EndGlobalSection
EndGlobal
